
Microsoft Visual Studio Solution File, Format Version 12.00
# Visual Studio Version 16
VisualStudioVersion = 16.0.30413.136
MinimumVisualStudioVersion = 10.0.40219.1
Project("{9A19103F-16F7-4668-BE54-9A1E7A4F7556}") = "backend", "backend\backend.csproj", "{3006F601-738F-4177-807A-4C226103E07A}"
EndProject
Global
	GlobalSection(SolutionConfigurationPlatforms) = preSolution
		Debug|Any CPU = Debug|Any CPU
		Release|Any CPU = Release|Any CPU
	EndGlobalSection
	GlobalSection(ProjectConfigurationPlatforms) = postSolution
		{3006F601-738F-4177-807A-4C226103E07A}.Debug|Any CPU.ActiveCfg = Debug|Any CPU
		{3006F601-738F-4177-807A-4C226103E07A}.Debug|Any CPU.Build.0 = Debug|Any CPU
		{3006F601-738F-4177-807A-4C226103E07A}.Release|Any CPU.ActiveCfg = Release|Any CPU
		{3006F601-738F-4177-807A-4C226103E07A}.Release|Any CPU.Build.0 = Release|Any CPU
	EndGlobalSection
	GlobalSection(SolutionProperties) = preSolution
		HideSolutionNode = FALSE
	EndGlobalSection
	GlobalSection(ExtensibilityGlobals) = postSolution
		SolutionGuid = {D101EFAF-4BBB-4C66-ADFE-B5EBDE217273}
	EndGlobalSection
EndGlobal
